// !$*UTF8*$!
{
	archiveVersion = 1;
	classes = {
	};
	objectVersion = 46;
	objects = {

/* Begin PBXBuildFile section */
		839A004F1AACE5D200E68FFF /* FactoryObjectSpec.m in Sources */ = {isa = PBXBuildFile; fileRef = 839A004D1AACE5D200E68FFF /* FactoryObjectSpec.m */; };
		839A00541AACE63000E68FFF /* FBUser.m in Sources */ = {isa = PBXBuildFile; fileRef = 839A00521AACE63000E68FFF /* FBUser.m */; };
		839A006A1AAD075C00E68FFF /* OSXTests-Info.plist in Resources */ = {isa = PBXBuildFile; fileRef = 839A00691AAD075C00E68FFF /* OSXTests-Info.plist */; };
		839A00A31AAD3FA500E68FFF /* FactoryObjectSpec.m in Sources */ = {isa = PBXBuildFile; fileRef = 839A004D1AACE5D200E68FFF /* FactoryObjectSpec.m */; };
		839A00A41AAD3FAC00E68FFF /* FBUser.m in Sources */ = {isa = PBXBuildFile; fileRef = 839A00521AACE63000E68FFF /* FBUser.m */; };
		DC12C7E568BFB265DBA409ED /* libPods-ios.a in Frameworks */ = {isa = PBXBuildFile; fileRef = 7F912BB7C735F9D08D4DF701 /* libPods-ios.a */; };
/* End PBXBuildFile section */

/* Begin PBXFileReference section */
		75F64910D405194F7E541660 /* Pods-ios.debug.xcconfig */ = {isa = PBXFileReference; includeInIndex = 1; lastKnownFileType = text.xcconfig; name = "Pods-ios.debug.xcconfig"; path = "Pods/Target Support Files/Pods-ios/Pods-ios.debug.xcconfig"; sourceTree = "<group>"; };
		7F912BB7C735F9D08D4DF701 /* libPods-ios.a */ = {isa = PBXFileReference; explicitFileType = archive.ar; includeInIndex = 0; path = "libPods-ios.a"; sourceTree = BUILT_PRODUCTS_DIR; };
		8305EC301AACDC7C00C88EE6 /* iOSTests.xctest */ = {isa = PBXFileReference; explicitFileType = wrapper.cfbundle; includeInIndex = 0; path = iOSTests.xctest; sourceTree = BUILT_PRODUCTS_DIR; };
		8305EC421AACDED500C88EE6 /* iOSTests-Info.plist */ = {isa = PBXFileReference; fileEncoding = 4; lastKnownFileType = text.plist.xml; path = "iOSTests-Info.plist"; sourceTree = "<group>"; };
		839A004D1AACE5D200E68FFF /* FactoryObjectSpec.m */ = {isa = PBXFileReference; fileEncoding = 4; lastKnownFileType = sourcecode.c.objc; path = FactoryObjectSpec.m; sourceTree = "<group>"; };
		839A00511AACE63000E68FFF /* FBUser.h */ = {isa = PBXFileReference; fileEncoding = 4; lastKnownFileType = sourcecode.c.h; path = FBUser.h; sourceTree = "<group>"; };
		839A00521AACE63000E68FFF /* FBUser.m */ = {isa = PBXFileReference; fileEncoding = 4; lastKnownFileType = sourcecode.c.objc; path = FBUser.m; sourceTree = "<group>"; };
		839A00601AAD06F200E68FFF /* OSXTests.xctest */ = {isa = PBXFileReference; explicitFileType = wrapper.cfbundle; includeInIndex = 0; path = OSXTests.xctest; sourceTree = BUILT_PRODUCTS_DIR; };
		839A00691AAD075C00E68FFF /* OSXTests-Info.plist */ = {isa = PBXFileReference; fileEncoding = 4; lastKnownFileType = text.plist.xml; path = "OSXTests-Info.plist"; sourceTree = "<group>"; };
		839A00A11AAD3B1600E68FFF /* FactoryBirdTests.h */ = {isa = PBXFileReference; fileEncoding = 4; lastKnownFileType = sourcecode.c.h; path = FactoryBirdTests.h; sourceTree = "<group>"; };
		BA5CE6E633AE96058F926E80 /* Pods-ios.release.xcconfig */ = {isa = PBXFileReference; includeInIndex = 1; lastKnownFileType = text.xcconfig; name = "Pods-ios.release.xcconfig"; path = "Pods/Target Support Files/Pods-ios/Pods-ios.release.xcconfig"; sourceTree = "<group>"; };
/* End PBXFileReference section */

/* Begin PBXFrameworksBuildPhase section */
		8305EC2D1AACDC7C00C88EE6 /* Frameworks */ = {
			isa = PBXFrameworksBuildPhase;
			buildActionMask = 2147483647;
			files = (
				DC12C7E568BFB265DBA409ED /* libPods-ios.a in Frameworks */,
			);
			runOnlyForDeploymentPostprocessing = 0;
		};
		839A005D1AAD06F200E68FFF /* Frameworks */ = {
			isa = PBXFrameworksBuildPhase;
			buildActionMask = 2147483647;
			files = (
			);
			runOnlyForDeploymentPostprocessing = 0;
		};
/* End PBXFrameworksBuildPhase section */

/* Begin PBXGroup section */
		8305EC0E1AACDC7C00C88EE6 = {
			isa = PBXGroup;
			children = (
				839A004C1AACE5D200E68FFF /* Tests */,
				839A00501AACE63000E68FFF /* Models */,
				8305EC401AACDED500C88EE6 /* iOSTests */,
				839A00611AAD06F200E68FFF /* OSXTests */,
				8305EC181AACDC7C00C88EE6 /* Products */,
				BE6A0D04FF3F6FA7480DA76F /* Pods */,
				9BE33686A29E24ACF6DE85C2 /* Frameworks */,
			);
			sourceTree = "<group>";
		};
		8305EC181AACDC7C00C88EE6 /* Products */ = {
			isa = PBXGroup;
			children = (
				8305EC301AACDC7C00C88EE6 /* iOSTests.xctest */,
				839A00601AAD06F200E68FFF /* OSXTests.xctest */,
			);
			name = Products;
			sourceTree = "<group>";
		};
		8305EC401AACDED500C88EE6 /* iOSTests */ = {
			isa = PBXGroup;
			children = (
				839A006B1AAD078F00E68FFF /* Supporting Files */,
			);
			path = iOSTests;
			sourceTree = "<group>";
		};
		839A004C1AACE5D200E68FFF /* Tests */ = {
			isa = PBXGroup;
			children = (
				839A00A11AAD3B1600E68FFF /* FactoryBirdTests.h */,
				839A004D1AACE5D200E68FFF /* FactoryObjectSpec.m */,
			);
			path = Tests;
			sourceTree = "<group>";
		};
		839A00501AACE63000E68FFF /* Models */ = {
			isa = PBXGroup;
			children = (
				839A00511AACE63000E68FFF /* FBUser.h */,
				839A00521AACE63000E68FFF /* FBUser.m */,
			);
			path = Models;
			sourceTree = "<group>";
		};
		839A00611AAD06F200E68FFF /* OSXTests */ = {
			isa = PBXGroup;
			children = (
				839A00621AAD06F200E68FFF /* Supporting Files */,
			);
			path = OSXTests;
			sourceTree = "<group>";
		};
		839A00621AAD06F200E68FFF /* Supporting Files */ = {
			isa = PBXGroup;
			children = (
				839A00691AAD075C00E68FFF /* OSXTests-Info.plist */,
			);
			name = "Supporting Files";
			sourceTree = "<group>";
		};
		839A006B1AAD078F00E68FFF /* Supporting Files */ = {
			isa = PBXGroup;
			children = (
				8305EC421AACDED500C88EE6 /* iOSTests-Info.plist */,
			);
			name = "Supporting Files";
			sourceTree = "<group>";
		};
		9BE33686A29E24ACF6DE85C2 /* Frameworks */ = {
			isa = PBXGroup;
			children = (
				7F912BB7C735F9D08D4DF701 /* libPods-ios.a */,
			);
			name = Frameworks;
			sourceTree = "<group>";
		};
		BE6A0D04FF3F6FA7480DA76F /* Pods */ = {
			isa = PBXGroup;
			children = (
				75F64910D405194F7E541660 /* Pods-ios.debug.xcconfig */,
				BA5CE6E633AE96058F926E80 /* Pods-ios.release.xcconfig */,
			);
			name = Pods;
			sourceTree = "<group>";
		};
/* End PBXGroup section */

/* Begin PBXNativeTarget section */
		8305EC2F1AACDC7C00C88EE6 /* iOSTests */ = {
			isa = PBXNativeTarget;
			buildConfigurationList = 8305EC3D1AACDC7C00C88EE6 /* Build configuration list for PBXNativeTarget "iOSTests" */;
			buildPhases = (
				1EA63F7A057C6E567823C58F /* Check Pods Manifest.lock */,
				8305EC2C1AACDC7C00C88EE6 /* Sources */,
				8305EC2D1AACDC7C00C88EE6 /* Frameworks */,
				8305EC2E1AACDC7C00C88EE6 /* Resources */,
				D762029990503F2AFA1E4743 /* Copy Pods Resources */,
			);
			buildRules = (
			);
			dependencies = (
			);
			name = iOSTests;
			productName = FactoryBirdTestsTests;
			productReference = 8305EC301AACDC7C00C88EE6 /* iOSTests.xctest */;
			productType = "com.apple.product-type.bundle.unit-test";
		};
		839A005F1AAD06F200E68FFF /* OSXTests */ = {
			isa = PBXNativeTarget;
			buildConfigurationList = 839A00681AAD06F200E68FFF /* Build configuration list for PBXNativeTarget "OSXTests" */;
			buildPhases = (
				839A005C1AAD06F200E68FFF /* Sources */,
				839A005D1AAD06F200E68FFF /* Frameworks */,
				839A005E1AAD06F200E68FFF /* Resources */,
			);
			buildRules = (
			);
			dependencies = (
			);
			name = OSXTests;
			productName = OSXTests;
			productReference = 839A00601AAD06F200E68FFF /* OSXTests.xctest */;
			productType = "com.apple.product-type.bundle.unit-test";
		};
/* End PBXNativeTarget section */

/* Begin PBXProject section */
		8305EC0F1AACDC7C00C88EE6 /* Project object */ = {
			isa = PBXProject;
			attributes = {
				LastUpgradeCheck = 0610;
				ORGANIZATIONNAME = mariabernis;
				TargetAttributes = {
					8305EC2F1AACDC7C00C88EE6 = {
						CreatedOnToolsVersion = 6.1;
					};
					839A005F1AAD06F200E68FFF = {
						CreatedOnToolsVersion = 6.1;
					};
				};
			};
			buildConfigurationList = 8305EC121AACDC7C00C88EE6 /* Build configuration list for PBXProject "FactoryBirdTests" */;
			compatibilityVersion = "Xcode 3.2";
			developmentRegion = English;
			hasScannedForEncodings = 0;
			knownRegions = (
				en,
				Base,
			);
			mainGroup = 8305EC0E1AACDC7C00C88EE6;
			productRefGroup = 8305EC181AACDC7C00C88EE6 /* Products */;
			projectDirPath = "";
			projectRoot = "";
			targets = (
				8305EC2F1AACDC7C00C88EE6 /* iOSTests */,
				839A005F1AAD06F200E68FFF /* OSXTests */,
			);
		};
/* End PBXProject section */

/* Begin PBXResourcesBuildPhase section */
		8305EC2E1AACDC7C00C88EE6 /* Resources */ = {
			isa = PBXResourcesBuildPhase;
			buildActionMask = 2147483647;
			files = (
			);
			runOnlyForDeploymentPostprocessing = 0;
		};
		839A005E1AAD06F200E68FFF /* Resources */ = {
			isa = PBXResourcesBuildPhase;
			buildActionMask = 2147483647;
			files = (
				839A006A1AAD075C00E68FFF /* OSXTests-Info.plist in Resources */,
			);
			runOnlyForDeploymentPostprocessing = 0;
		};
/* End PBXResourcesBuildPhase section */

/* Begin PBXShellScriptBuildPhase section */
		1EA63F7A057C6E567823C58F /* Check Pods Manifest.lock */ = {
			isa = PBXShellScriptBuildPhase;
			buildActionMask = 2147483647;
			files = (
			);
			inputPaths = (
			);
			name = "Check Pods Manifest.lock";
			outputPaths = (
			);
			runOnlyForDeploymentPostprocessing = 0;
			shellPath = /bin/sh;
			shellScript = "diff \"${PODS_ROOT}/../Podfile.lock\" \"${PODS_ROOT}/Manifest.lock\" > /dev/null\nif [[ $? != 0 ]] ; then\n    cat << EOM\nerror: The sandbox is not in sync with the Podfile.lock. Run 'pod install' or update your CocoaPods installation.\nEOM\n    exit 1\nfi\n";
			showEnvVarsInLog = 0;
		};
		D762029990503F2AFA1E4743 /* Copy Pods Resources */ = {
			isa = PBXShellScriptBuildPhase;
			buildActionMask = 2147483647;
			files = (
			);
			inputPaths = (
			);
			name = "Copy Pods Resources";
			outputPaths = (
			);
			runOnlyForDeploymentPostprocessing = 0;
			shellPath = /bin/sh;
			shellScript = "\"${SRCROOT}/Pods/Target Support Files/Pods-ios/Pods-ios-resources.sh\"\n";
			showEnvVarsInLog = 0;
		};
/* End PBXShellScriptBuildPhase section */

/* Begin PBXSourcesBuildPhase section */
		8305EC2C1AACDC7C00C88EE6 /* Sources */ = {
			isa = PBXSourcesBuildPhase;
			buildActionMask = 2147483647;
			files = (
				839A00541AACE63000E68FFF /* FBUser.m in Sources */,
				839A004F1AACE5D200E68FFF /* FactoryObjectSpec.m in Sources */,
			);
			runOnlyForDeploymentPostprocessing = 0;
		};
		839A005C1AAD06F200E68FFF /* Sources */ = {
			isa = PBXSourcesBuildPhase;
			buildActionMask = 2147483647;
			files = (
				839A00A41AAD3FAC00E68FFF /* FBUser.m in Sources */,
				839A00A31AAD3FA500E68FFF /* FactoryObjectSpec.m in Sources */,
			);
			runOnlyForDeploymentPostprocessing = 0;
		};
/* End PBXSourcesBuildPhase section */

/* Begin XCBuildConfiguration section */
		8305EC381AACDC7C00C88EE6 /* Debug */ = {
			isa = XCBuildConfiguration;
			buildSettings = {
				ALWAYS_SEARCH_USER_PATHS = NO;
				CLANG_CXX_LANGUAGE_STANDARD = "gnu++0x";
				CLANG_CXX_LIBRARY = "libc++";
				CLANG_ENABLE_MODULES = YES;
				CLANG_ENABLE_OBJC_ARC = YES;
				CLANG_WARN_BOOL_CONVERSION = YES;
				CLANG_WARN_CONSTANT_CONVERSION = YES;
				CLANG_WARN_DIRECT_OBJC_ISA_USAGE = YES_ERROR;
				CLANG_WARN_EMPTY_BODY = YES;
				CLANG_WARN_ENUM_CONVERSION = YES;
				CLANG_WARN_INT_CONVERSION = YES;
				CLANG_WARN_OBJC_ROOT_CLASS = YES_ERROR;
				CLANG_WARN_UNREACHABLE_CODE = YES;
				CLANG_WARN__DUPLICATE_METHOD_MATCH = YES;
				"CODE_SIGN_IDENTITY[sdk=iphoneos*]" = "iPhone Developer";
				COPY_PHASE_STRIP = NO;
				ENABLE_STRICT_OBJC_MSGSEND = YES;
				GCC_C_LANGUAGE_STANDARD = gnu99;
				GCC_DYNAMIC_NO_PIC = NO;
				GCC_OPTIMIZATION_LEVEL = 0;
				GCC_PREPROCESSOR_DEFINITIONS = (
					"DEBUG=1",
					"$(inherited)",
				);
				GCC_SYMBOLS_PRIVATE_EXTERN = NO;
				GCC_WARN_64_TO_32_BIT_CONVERSION = YES;
				GCC_WARN_ABOUT_RETURN_TYPE = YES_ERROR;
				GCC_WARN_UNDECLARED_SELECTOR = YES;
				GCC_WARN_UNINITIALIZED_AUTOS = YES_AGGRESSIVE;
				GCC_WARN_UNUSED_FUNCTION = YES;
				GCC_WARN_UNUSED_VARIABLE = YES;
				IPHONEOS_DEPLOYMENT_TARGET = 7.0;
				MACOSX_DEPLOYMENT_TARGET = 10.8;
				MTL_ENABLE_DEBUG_INFO = YES;
				ONLY_ACTIVE_ARCH = YES;
				SDKROOT = iphoneos;
				TARGETED_DEVICE_FAMILY = "1,2";
			};
			name = Debug;
		};
		8305EC391AACDC7C00C88EE6 /* Release */ = {
			isa = XCBuildConfiguration;
			buildSettings = {
				ALWAYS_SEARCH_USER_PATHS = NO;
				CLANG_CXX_LANGUAGE_STANDARD = "gnu++0x";
				CLANG_CXX_LIBRARY = "libc++";
				CLANG_ENABLE_MODULES = YES;
				CLANG_ENABLE_OBJC_ARC = YES;
				CLANG_WARN_BOOL_CONVERSION = YES;
				CLANG_WARN_CONSTANT_CONVERSION = YES;
				CLANG_WARN_DIRECT_OBJC_ISA_USAGE = YES_ERROR;
				CLANG_WARN_EMPTY_BODY = YES;
				CLANG_WARN_ENUM_CONVERSION = YES;
				CLANG_WARN_INT_CONVERSION = YES;
				CLANG_WARN_OBJC_ROOT_CLASS = YES_ERROR;
				CLANG_WARN_UNREACHABLE_CODE = YES;
				CLANG_WARN__DUPLICATE_METHOD_MATCH = YES;
				"CODE_SIGN_IDENTITY[sdk=iphoneos*]" = "iPhone Developer";
				COPY_PHASE_STRIP = YES;
				ENABLE_NS_ASSERTIONS = NO;
				ENABLE_STRICT_OBJC_MSGSEND = YES;
				GCC_C_LANGUAGE_STANDARD = gnu99;
				GCC_WARN_64_TO_32_BIT_CONVERSION = YES;
				GCC_WARN_ABOUT_RETURN_TYPE = YES_ERROR;
				GCC_WARN_UNDECLARED_SELECTOR = YES;
				GCC_WARN_UNINITIALIZED_AUTOS = YES_AGGRESSIVE;
				GCC_WARN_UNUSED_FUNCTION = YES;
				GCC_WARN_UNUSED_VARIABLE = YES;
				IPHONEOS_DEPLOYMENT_TARGET = 7.0;
				MACOSX_DEPLOYMENT_TARGET = 10.8;
				MTL_ENABLE_DEBUG_INFO = NO;
				SDKROOT = iphoneos;
				TARGETED_DEVICE_FAMILY = "1,2";
				VALIDATE_PRODUCT = YES;
			};
			name = Release;
		};
		8305EC3E1AACDC7C00C88EE6 /* Debug */ = {
			isa = XCBuildConfiguration;
			baseConfigurationReference = 75F64910D405194F7E541660 /* Pods-ios.debug.xcconfig */;
			buildSettings = {
				FRAMEWORK_SEARCH_PATHS = (
					"$(SDKROOT)/Developer/Library/Frameworks",
					"$(inherited)",
				);
				GCC_PREPROCESSOR_DEFINITIONS = (
					"DEBUG=1",
					"$(inherited)",
				);
				INFOPLIST_FILE = "iOSTests/iOSTests-Info.plist";
				LD_RUNPATH_SEARCH_PATHS = "$(inherited) @executable_path/Frameworks @loader_path/Frameworks";
				PRODUCT_NAME = "$(TARGET_NAME)";
			};
			name = Debug;
		};
		8305EC3F1AACDC7C00C88EE6 /* Release */ = {
			isa = XCBuildConfiguration;
			baseConfigurationReference = BA5CE6E633AE96058F926E80 /* Pods-ios.release.xcconfig */;
			buildSettings = {
				FRAMEWORK_SEARCH_PATHS = (
					"$(SDKROOT)/Developer/Library/Frameworks",
					"$(inherited)",
				);
				INFOPLIST_FILE = "iOSTests/iOSTests-Info.plist";
				LD_RUNPATH_SEARCH_PATHS = "$(inherited) @executable_path/Frameworks @loader_path/Frameworks";
				PRODUCT_NAME = "$(TARGET_NAME)";
			};
			name = Release;
		};
		839A00661AAD06F200E68FFF /* Debug */ = {
			isa = XCBuildConfiguration;
			buildSettings = {
				COMBINE_HIDPI_IMAGES = YES;
				FRAMEWORK_SEARCH_PATHS = (
					"$(DEVELOPER_FRAMEWORKS_DIR)",
					"$(inherited)",
				);
				GCC_PREPROCESSOR_DEFINITIONS = (
					"DEBUG=1",
					"$(inherited)",
				);
				INFOPLIST_FILE = "OSXTests/OSXTests-Info.plist";
				LD_RUNPATH_SEARCH_PATHS = "$(inherited) @executable_path/../Frameworks @loader_path/../Frameworks";
				MACOSX_DEPLOYMENT_TARGET = 10.10;
				PRODUCT_NAME = "$(TARGET_NAME)";
				SDKROOT = macosx;
			};
			name = Debug;
		};
		839A00671AAD06F200E68FFF /* Release */ = {
			isa = XCBuildConfiguration;
			buildSettings = {
				COMBINE_HIDPI_IMAGES = YES;
				DEBUG_INFORMATION_FORMAT = "dwarf-with-dsym";
				FRAMEWORK_SEARCH_PATHS = (
					"$(DEVELOPER_FRAMEWORKS_DIR)",
					"$(inherited)",
				);
				INFOPLIST_FILE = "OSXTests/OSXTests-Info.plist";
				LD_RUNPATH_SEARCH_PATHS = "$(inherited) @executable_path/../Frameworks @loader_path/../Frameworks";
				MACOSX_DEPLOYMENT_TARGET = 10.10;
				PRODUCT_NAME = "$(TARGET_NAME)";
				SDKROOT = macosx;
			};
			name = Release;
		};
/* End XCBuildConfiguration section */

/* Begin XCConfigurationList section */
		8305EC121AACDC7C00C88EE6 /* Build configuration list for PBXProject "FactoryBirdTests" */ = {
			isa = XCConfigurationList;
			buildConfigurations = (
				8305EC381AACDC7C00C88EE6 /* Debug */,
				8305EC391AACDC7C00C88EE6 /* Release */,
			);
			defaultConfigurationIsVisible = 0;
			defaultConfigurationName = Release;
		};
		8305EC3D1AACDC7C00C88EE6 /* Build configuration list for PBXNativeTarget "iOSTests" */ = {
			isa = XCConfigurationList;
			buildConfigurations = (
				8305EC3E1AACDC7C00C88EE6 /* Debug */,
				8305EC3F1AACDC7C00C88EE6 /* Release */,
			);
			defaultConfigurationIsVisible = 0;
			defaultConfigurationName = Release;
		};
		839A00681AAD06F200E68FFF /* Build configuration list for PBXNativeTarget "OSXTests" */ = {
			isa = XCConfigurationList;
			buildConfigurations = (
				839A00661AAD06F200E68FFF /* Debug */,
				839A00671AAD06F200E68FFF /* Release */,
			);
			defaultConfigurationIsVisible = 0;
			defaultConfigurationName = Release;
		};
/* End XCConfigurationList section */
	};
	rootObject = 8305EC0F1AACDC7C00C88EE6 /* Project object */;
}
